
Microsoft Visual Studio Solution File, Format Version 12.00
# Visual Studio 15
Project("{FAE04EC0-301F-11D3-BF4B-00C04F79EFBC}") = "TestApplication", "TestApplication\TestApplication.csproj", "{A59CC788-2B05-4288-A942-D6A88BD88F36}"
EndProject
Project("{FAE04EC0-301F-11D3-BF4B-00C04F79EFBC}") = "YSImagePicker", "YSImagePicker\YSImagePicker.csproj", "{78713D60-595D-4F7B-B9D7-2E81746A11E3}"
EndProject
Global
	GlobalSection(SolutionConfigurationPlatforms) = preSolution
		Debug|iPhoneSimulator = Debug|iPhoneSimulator
		Release|iPhone = Release|iPhone
		Release|iPhoneSimulator = Release|iPhoneSimulator
		Debug|iPhone = Debug|iPhone
	EndGlobalSection
	GlobalSection(ProjectConfigurationPlatforms) = postSolution
		{A59CC788-2B05-4288-A942-D6A88BD88F36}.Debug|iPhoneSimulator.ActiveCfg = Debug|iPhoneSimulator
		{A59CC788-2B05-4288-A942-D6A88BD88F36}.Debug|iPhoneSimulator.Build.0 = Debug|iPhoneSimulator
		{A59CC788-2B05-4288-A942-D6A88BD88F36}.Release|iPhone.ActiveCfg = Release|iPhone
		{A59CC788-2B05-4288-A942-D6A88BD88F36}.Release|iPhone.Build.0 = Release|iPhone
		{A59CC788-2B05-4288-A942-D6A88BD88F36}.Release|iPhoneSimulator.ActiveCfg = Release|iPhoneSimulator
		{A59CC788-2B05-4288-A942-D6A88BD88F36}.Release|iPhoneSimulator.Build.0 = Release|iPhoneSimulator
		{A59CC788-2B05-4288-A942-D6A88BD88F36}.Debug|iPhone.ActiveCfg = Debug|iPhone
		{A59CC788-2B05-4288-A942-D6A88BD88F36}.Debug|iPhone.Build.0 = Debug|iPhone
		{78713D60-595D-4F7B-B9D7-2E81746A11E3}.Debug|iPhoneSimulator.ActiveCfg = Debug|Any CPU
		{78713D60-595D-4F7B-B9D7-2E81746A11E3}.Debug|iPhoneSimulator.Build.0 = Debug|Any CPU
		{78713D60-595D-4F7B-B9D7-2E81746A11E3}.Release|iPhone.ActiveCfg = Release|Any CPU
		{78713D60-595D-4F7B-B9D7-2E81746A11E3}.Release|iPhone.Build.0 = Release|Any CPU
		{78713D60-595D-4F7B-B9D7-2E81746A11E3}.Release|iPhoneSimulator.ActiveCfg = Release|Any CPU
		{78713D60-595D-4F7B-B9D7-2E81746A11E3}.Release|iPhoneSimulator.Build.0 = Release|Any CPU
		{78713D60-595D-4F7B-B9D7-2E81746A11E3}.Debug|iPhone.ActiveCfg = Debug|Any CPU
		{78713D60-595D-4F7B-B9D7-2E81746A11E3}.Debug|iPhone.Build.0 = Debug|Any CPU
	EndGlobalSection
EndGlobal
